
Microsoft Visual Studio Solution File, Format Version 12.00
# Visual Studio Version 17
VisualStudioVersion = 17.6.33723.286
MinimumVisualStudioVersion = 10.0.40219.1
Project("{FAE04EC0-301F-11D3-BF4B-00C04F79EFBC}") = "Project", "Project\Project.csproj", "{1D18D0CB-0CAC-4290-BC3E-54BE54250333}"
EndProject
Global
	GlobalSection(SolutionConfigurationPlatforms) = preSolution
		Debug|Any CPU = Debug|Any CPU
		Release|Any CPU = Release|Any CPU
	EndGlobalSection
	GlobalSection(ProjectConfigurationPlatforms) = postSolution
		{1D18D0CB-0CAC-4290-BC3E-54BE54250333}.Debug|Any CPU.ActiveCfg = Debug|Any CPU
		{1D18D0CB-0CAC-4290-BC3E-54BE54250333}.Debug|Any CPU.Build.0 = Debug|Any CPU
		{1D18D0CB-0CAC-4290-BC3E-54BE54250333}.Release|Any CPU.ActiveCfg = Release|Any CPU
		{1D18D0CB-0CAC-4290-BC3E-54BE54250333}.Release|Any CPU.Build.0 = Release|Any CPU
	EndGlobalSection
	GlobalSection(SolutionProperties) = preSolution
		HideSolutionNode = FALSE
	EndGlobalSection
	GlobalSection(ExtensibilityGlobals) = postSolution
		SolutionGuid = {13E89DC1-D32E-4EF3-A9E7-33CCAF5037C9}
	EndGlobalSection
EndGlobal
